// !$*UTF8*$!
{
	archiveVersion = 1;
	classes = {
	};
	objectVersion = 48;
	objects = {

/* Begin PBXBuildFile section */
		910F3EC01F6571A200F16596 /* AppDelegate.swift in Sources */ = {isa = PBXBuildFile; fileRef = 910F3EBF1F6571A200F16596 /* AppDelegate.swift */; };
		910F3EC71F6571A200F16596 /* Assets.xcassets in Resources */ = {isa = PBXBuildFile; fileRef = 910F3EC61F6571A200F16596 /* Assets.xcassets */; };
		910F3ECA1F6571A200F16596 /* LaunchScreen.storyboard in Resources */ = {isa = PBXBuildFile; fileRef = 910F3EC81F6571A200F16596 /* LaunchScreen.storyboard */; };
		9150D0C61F65C2FF00C162F5 /* SWRevealViewController.m in Sources */ = {isa = PBXBuildFile; fileRef = 915855371F65BF690035473A /* SWRevealViewController.m */; };
		9150D0C81F65C6E200C162F5 /* GradientView.swift in Sources */ = {isa = PBXBuildFile; fileRef = 9150D0C71F65C6E200C162F5 /* GradientView.swift */; };
		915855331F65B9C70035473A /* ChatVC.swift in Sources */ = {isa = PBXBuildFile; fileRef = 915855321F65B9C70035473A /* ChatVC.swift */; };
		915855351F65B9E00035473A /* ChannelVC.swift in Sources */ = {isa = PBXBuildFile; fileRef = 915855341F65B9E00035473A /* ChannelVC.swift */; };
		915855361F65BDED0035473A /* Main.storyboard in Resources */ = {isa = PBXBuildFile; fileRef = 910F3EC31F6571A200F16596 /* Main.storyboard */; };
		916B53281F682A9E00DAC5FA /* Constants.swift in Sources */ = {isa = PBXBuildFile; fileRef = 916B53271F682A9E00DAC5FA /* Constants.swift */; };
		916B532A1F682F3500DAC5FA /* LoginVC.swift in Sources */ = {isa = PBXBuildFile; fileRef = 916B53291F682F3500DAC5FA /* LoginVC.swift */; };
		C3648DFBC6775AA9F81D2463 /* Pods_Smack.framework in Frameworks */ = {isa = PBXBuildFile; fileRef = 10BF2092F66BF4B53607CCFC /* Pods_Smack.framework */; };
/* End PBXBuildFile section */

/* Begin PBXFileReference section */
		10BF2092F66BF4B53607CCFC /* Pods_Smack.framework */ = {isa = PBXFileReference; explicitFileType = wrapper.framework; includeInIndex = 0; path = Pods_Smack.framework; sourceTree = BUILT_PRODUCTS_DIR; };
		4D824A6AD483E90BB344C8BF /* Pods-Smack.release.xcconfig */ = {isa = PBXFileReference; includeInIndex = 1; lastKnownFileType = text.xcconfig; name = "Pods-Smack.release.xcconfig"; path = "Pods/Target Support Files/Pods-Smack/Pods-Smack.release.xcconfig"; sourceTree = "<group>"; };
		910F3EBC1F6571A200F16596 /* Smack.app */ = {isa = PBXFileReference; explicitFileType = wrapper.application; includeInIndex = 0; path = Smack.app; sourceTree = BUILT_PRODUCTS_DIR; };
		910F3EBF1F6571A200F16596 /* AppDelegate.swift */ = {isa = PBXFileReference; lastKnownFileType = sourcecode.swift; path = AppDelegate.swift; sourceTree = "<group>"; };
		910F3EC41F6571A200F16596 /* Base */ = {isa = PBXFileReference; lastKnownFileType = file.storyboard; name = Base; path = Base.lproj/Main.storyboard; sourceTree = "<group>"; };
		910F3EC61F6571A200F16596 /* Assets.xcassets */ = {isa = PBXFileReference; lastKnownFileType = folder.assetcatalog; path = Assets.xcassets; sourceTree = "<group>"; };
		910F3EC91F6571A200F16596 /* Base */ = {isa = PBXFileReference; lastKnownFileType = file.storyboard; name = Base; path = Base.lproj/LaunchScreen.storyboard; sourceTree = "<group>"; };
		910F3ECB1F6571A200F16596 /* Info.plist */ = {isa = PBXFileReference; lastKnownFileType = text.plist.xml; path = Info.plist; sourceTree = "<group>"; };
		9150D0C71F65C6E200C162F5 /* GradientView.swift */ = {isa = PBXFileReference; lastKnownFileType = sourcecode.swift; path = GradientView.swift; sourceTree = "<group>"; };
		9158552C1F6579C50035473A /* Smack-Bridging-Header.h */ = {isa = PBXFileReference; lastKnownFileType = sourcecode.c.h; path = "Smack-Bridging-Header.h"; sourceTree = "<group>"; };
		915855321F65B9C70035473A /* ChatVC.swift */ = {isa = PBXFileReference; lastKnownFileType = sourcecode.swift; path = ChatVC.swift; sourceTree = "<group>"; };
		915855341F65B9E00035473A /* ChannelVC.swift */ = {isa = PBXFileReference; lastKnownFileType = sourcecode.swift; path = ChannelVC.swift; sourceTree = "<group>"; };
		915855371F65BF690035473A /* SWRevealViewController.m */ = {isa = PBXFileReference; lastKnownFileType = sourcecode.c.objc; path = SWRevealViewController.m; sourceTree = "<group>"; };
		915855381F65BF690035473A /* SWRevealViewController.h */ = {isa = PBXFileReference; lastKnownFileType = sourcecode.c.h; path = SWRevealViewController.h; sourceTree = "<group>"; };
		916B53271F682A9E00DAC5FA /* Constants.swift */ = {isa = PBXFileReference; lastKnownFileType = sourcecode.swift; path = Constants.swift; sourceTree = "<group>"; };
		916B53291F682F3500DAC5FA /* LoginVC.swift */ = {isa = PBXFileReference; lastKnownFileType = sourcecode.swift; path = LoginVC.swift; sourceTree = "<group>"; };
		B739AF98E41A2FD819B106F2 /* Pods-Smack.debug.xcconfig */ = {isa = PBXFileReference; includeInIndex = 1; lastKnownFileType = text.xcconfig; name = "Pods-Smack.debug.xcconfig"; path = "Pods/Target Support Files/Pods-Smack/Pods-Smack.debug.xcconfig"; sourceTree = "<group>"; };
/* End PBXFileReference section */

/* Begin PBXFrameworksBuildPhase section */
		910F3EB91F6571A200F16596 /* Frameworks */ = {
			isa = PBXFrameworksBuildPhase;
			buildActionMask = 2147483647;
			files = (
				C3648DFBC6775AA9F81D2463 /* Pods_Smack.framework in Frameworks */,
			);
			runOnlyForDeploymentPostprocessing = 0;
		};
/* End PBXFrameworksBuildPhase section */

/* Begin PBXGroup section */
		10BFB9AE588C02301DC6BF86 /* Frameworks */ = {
			isa = PBXGroup;
			children = (
				10BF2092F66BF4B53607CCFC /* Pods_Smack.framework */,
			);
			name = Frameworks;
			sourceTree = "<group>";
		};
		81F31B9B8F0F596C77C6CEF9 /* Pods */ = {
			isa = PBXGroup;
			children = (
				B739AF98E41A2FD819B106F2 /* Pods-Smack.debug.xcconfig */,
				4D824A6AD483E90BB344C8BF /* Pods-Smack.release.xcconfig */,
			);
			name = Pods;
			sourceTree = "<group>";
		};
		910F3EB31F6571A200F16596 = {
			isa = PBXGroup;
			children = (
				910F3EBE1F6571A200F16596 /* Smack */,
				910F3EBD1F6571A200F16596 /* Products */,
				81F31B9B8F0F596C77C6CEF9 /* Pods */,
				10BFB9AE588C02301DC6BF86 /* Frameworks */,
			);
			sourceTree = "<group>";
		};
		910F3EBD1F6571A200F16596 /* Products */ = {
			isa = PBXGroup;
			children = (
				910F3EBC1F6571A200F16596 /* Smack.app */,
			);
			name = Products;
			sourceTree = "<group>";
		};
		910F3EBE1F6571A200F16596 /* Smack */ = {
			isa = PBXGroup;
			children = (
				916B53261F682A8900DAC5FA /* Utilities */,
				915855311F65B9A40035473A /* Model */,
				915855301F65B9A00035473A /* View */,
				9158552F1F65B9960035473A /* Controller */,
				9158552B1F6579800035473A /* Supporting Files */,
				910F3EBF1F6571A200F16596 /* AppDelegate.swift */,
				910F3EC31F6571A200F16596 /* Main.storyboard */,
				910F3EC61F6571A200F16596 /* Assets.xcassets */,
				910F3EC81F6571A200F16596 /* LaunchScreen.storyboard */,
				910F3ECB1F6571A200F16596 /* Info.plist */,
			);
			path = Smack;
			sourceTree = "<group>";
		};
		9158552B1F6579800035473A /* Supporting Files */ = {
			isa = PBXGroup;
			children = (
				915855381F65BF690035473A /* SWRevealViewController.h */,
				915855371F65BF690035473A /* SWRevealViewController.m */,
				9158552C1F6579C50035473A /* Smack-Bridging-Header.h */,
			);
			path = "Supporting Files";
			sourceTree = "<group>";
		};
		9158552F1F65B9960035473A /* Controller */ = {
			isa = PBXGroup;
			children = (
				915855321F65B9C70035473A /* ChatVC.swift */,
				915855341F65B9E00035473A /* ChannelVC.swift */,
				916B53291F682F3500DAC5FA /* LoginVC.swift */,
			);
			path = Controller;
			sourceTree = "<group>";
		};
		915855301F65B9A00035473A /* View */ = {
			isa = PBXGroup;
			children = (
				9150D0C71F65C6E200C162F5 /* GradientView.swift */,
			);
			path = View;
			sourceTree = "<group>";
		};
		915855311F65B9A40035473A /* Model */ = {
			isa = PBXGroup;
			children = (
			);
			path = Model;
			sourceTree = "<group>";
		};
		916B53261F682A8900DAC5FA /* Utilities */ = {
			isa = PBXGroup;
			children = (
				916B53271F682A9E00DAC5FA /* Constants.swift */,
			);
			path = Utilities;
			sourceTree = "<group>";
		};
/* End PBXGroup section */

/* Begin PBXNativeTarget section */
		910F3EBB1F6571A200F16596 /* Smack */ = {
			isa = PBXNativeTarget;
			buildConfigurationList = 910F3ECE1F6571A200F16596 /* Build configuration list for PBXNativeTarget "Smack" */;
			buildPhases = (
				24D00F1C772C9C5667EBF3F4 /* [CP] Check Pods Manifest.lock */,
				910F3EB81F6571A200F16596 /* Sources */,
				910F3EB91F6571A200F16596 /* Frameworks */,
				910F3EBA1F6571A200F16596 /* Resources */,
				7006199ACC042351A692595A /* [CP] Embed Pods Frameworks */,
				0DE30853834256D002DB05F7 /* [CP] Copy Pods Resources */,
			);
			buildRules = (
			);
			dependencies = (
			);
			name = Smack;
			productName = Smack;
			productReference = 910F3EBC1F6571A200F16596 /* Smack.app */;
			productType = "com.apple.product-type.application";
		};
/* End PBXNativeTarget section */

/* Begin PBXProject section */
		910F3EB41F6571A200F16596 /* Project object */ = {
			isa = PBXProject;
			attributes = {
				LastSwiftUpdateCheck = 0900;
				LastUpgradeCheck = 0900;
				ORGANIZATIONNAME = "Stanley Pan";
				TargetAttributes = {
					910F3EBB1F6571A200F16596 = {
						CreatedOnToolsVersion = 9.0;
						LastSwiftMigration = 0900;
						ProvisioningStyle = Automatic;
					};
				};
			};
			buildConfigurationList = 910F3EB71F6571A200F16596 /* Build configuration list for PBXProject "Smack" */;
			compatibilityVersion = "Xcode 8.0";
			developmentRegion = en;
			hasScannedForEncodings = 0;
			knownRegions = (
				en,
				Base,
			);
			mainGroup = 910F3EB31F6571A200F16596;
			productRefGroup = 910F3EBD1F6571A200F16596 /* Products */;
			projectDirPath = "";
			projectRoot = "";
			targets = (
				910F3EBB1F6571A200F16596 /* Smack */,
			);
		};
/* End PBXProject section */

/* Begin PBXResourcesBuildPhase section */
		910F3EBA1F6571A200F16596 /* Resources */ = {
			isa = PBXResourcesBuildPhase;
			buildActionMask = 2147483647;
			files = (
				915855361F65BDED0035473A /* Main.storyboard in Resources */,
				910F3ECA1F6571A200F16596 /* LaunchScreen.storyboard in Resources */,
				910F3EC71F6571A200F16596 /* Assets.xcassets in Resources */,
			);
			runOnlyForDeploymentPostprocessing = 0;
		};
/* End PBXResourcesBuildPhase section */

/* Begin PBXShellScriptBuildPhase section */
		0DE30853834256D002DB05F7 /* [CP] Copy Pods Resources */ = {
			isa = PBXShellScriptBuildPhase;
			buildActionMask = 2147483647;
			files = (
			);
			inputPaths = (
			);
			name = "[CP] Copy Pods Resources";
			outputPaths = (
			);
			runOnlyForDeploymentPostprocessing = 0;
			shellPath = /bin/sh;
			shellScript = "\"${SRCROOT}/Pods/Target Support Files/Pods-Smack/Pods-Smack-resources.sh\"\n";
			showEnvVarsInLog = 0;
		};
		24D00F1C772C9C5667EBF3F4 /* [CP] Check Pods Manifest.lock */ = {
			isa = PBXShellScriptBuildPhase;
			buildActionMask = 2147483647;
			files = (
			);
			inputPaths = (
			);
			name = "[CP] Check Pods Manifest.lock";
			outputPaths = (
			);
			runOnlyForDeploymentPostprocessing = 0;
			shellPath = /bin/sh;
			shellScript = "diff \"${PODS_ROOT}/../Podfile.lock\" \"${PODS_ROOT}/Manifest.lock\" > /dev/null\nif [ $? != 0 ] ; then\n    # print error to STDERR\n    echo \"error: The sandbox is not in sync with the Podfile.lock. Run 'pod install' or update your CocoaPods installation.\" >&2\n    exit 1\nfi\n";
			showEnvVarsInLog = 0;
		};
		7006199ACC042351A692595A /* [CP] Embed Pods Frameworks */ = {
			isa = PBXShellScriptBuildPhase;
			buildActionMask = 2147483647;
			files = (
			);
			inputPaths = (
			);
			name = "[CP] Embed Pods Frameworks";
			outputPaths = (
			);
			runOnlyForDeploymentPostprocessing = 0;
			shellPath = /bin/sh;
			shellScript = "\"${SRCROOT}/Pods/Target Support Files/Pods-Smack/Pods-Smack-frameworks.sh\"\n";
			showEnvVarsInLog = 0;
		};
/* End PBXShellScriptBuildPhase section */

/* Begin PBXSourcesBuildPhase section */
		910F3EB81F6571A200F16596 /* Sources */ = {
			isa = PBXSourcesBuildPhase;
			buildActionMask = 2147483647;
			files = (
				915855331F65B9C70035473A /* ChatVC.swift in Sources */,
				915855351F65B9E00035473A /* ChannelVC.swift in Sources */,
				916B532A1F682F3500DAC5FA /* LoginVC.swift in Sources */,
				9150D0C81F65C6E200C162F5 /* GradientView.swift in Sources */,
				910F3EC01F6571A200F16596 /* AppDelegate.swift in Sources */,
				9150D0C61F65C2FF00C162F5 /* SWRevealViewController.m in Sources */,
				916B53281F682A9E00DAC5FA /* Constants.swift in Sources */,
			);
			runOnlyForDeploymentPostprocessing = 0;
		};
/* End PBXSourcesBuildPhase section */

/* Begin PBXVariantGroup section */
		910F3EC31F6571A200F16596 /* Main.storyboard */ = {
			isa = PBXVariantGroup;
			children = (
				910F3EC41F6571A200F16596 /* Base */,
			);
			name = Main.storyboard;
			sourceTree = "<group>";
		};
		910F3EC81F6571A200F16596 /* LaunchScreen.storyboard */ = {
			isa = PBXVariantGroup;
			children = (
				910F3EC91F6571A200F16596 /* Base */,
			);
			name = LaunchScreen.storyboard;
			sourceTree = "<group>";
		};
/* End PBXVariantGroup section */

/* Begin XCBuildConfiguration section */
		910F3ECC1F6571A200F16596 /* Debug */ = {
			isa = XCBuildConfiguration;
			buildSettings = {
				ALWAYS_SEARCH_USER_PATHS = NO;
				CLANG_ANALYZER_NONNULL = YES;
				CLANG_ANALYZER_NUMBER_OBJECT_CONVERSION = YES_AGGRESSIVE;
				CLANG_CXX_LANGUAGE_STANDARD = "gnu++14";
				CLANG_CXX_LIBRARY = "libc++";
				CLANG_ENABLE_MODULES = YES;
				CLANG_ENABLE_OBJC_ARC = YES;
				CLANG_WARN_BLOCK_CAPTURE_AUTORELEASING = YES;
				CLANG_WARN_BOOL_CONVERSION = YES;
				CLANG_WARN_COMMA = YES;
				CLANG_WARN_CONSTANT_CONVERSION = YES;
				CLANG_WARN_DIRECT_OBJC_ISA_USAGE = YES_ERROR;
				CLANG_WARN_DOCUMENTATION_COMMENTS = YES;
				CLANG_WARN_EMPTY_BODY = YES;
				CLANG_WARN_ENUM_CONVERSION = YES;
				CLANG_WARN_INFINITE_RECURSION = YES;
				CLANG_WARN_INT_CONVERSION = YES;
				CLANG_WARN_NON_LITERAL_NULL_CONVERSION = YES;
				CLANG_WARN_OBJC_LITERAL_CONVERSION = YES;
				CLANG_WARN_OBJC_ROOT_CLASS = YES_ERROR;
				CLANG_WARN_RANGE_LOOP_ANALYSIS = YES;
				CLANG_WARN_STRICT_PROTOTYPES = YES;
				CLANG_WARN_SUSPICIOUS_MOVE = YES;
				CLANG_WARN_UNGUARDED_AVAILABILITY = YES_AGGRESSIVE;
				CLANG_WARN_UNREACHABLE_CODE = YES;
				CLANG_WARN__DUPLICATE_METHOD_MATCH = YES;
				CODE_SIGN_IDENTITY = "iPhone Developer";
				COPY_PHASE_STRIP = NO;
				DEBUG_INFORMATION_FORMAT = dwarf;
				ENABLE_STRICT_OBJC_MSGSEND = YES;
				ENABLE_TESTABILITY = YES;
				GCC_C_LANGUAGE_STANDARD = gnu11;
				GCC_DYNAMIC_NO_PIC = NO;
				GCC_NO_COMMON_BLOCKS = YES;
				GCC_OPTIMIZATION_LEVEL = 0;
				GCC_PREPROCESSOR_DEFINITIONS = (
					"DEBUG=1",
					"$(inherited)",
				);
				GCC_WARN_64_TO_32_BIT_CONVERSION = YES;
				GCC_WARN_ABOUT_RETURN_TYPE = YES_ERROR;
				GCC_WARN_UNDECLARED_SELECTOR = YES;
				GCC_WARN_UNINITIALIZED_AUTOS = YES_AGGRESSIVE;
				GCC_WARN_UNUSED_FUNCTION = YES;
				GCC_WARN_UNUSED_VARIABLE = YES;
				IPHONEOS_DEPLOYMENT_TARGET = 11.0;
				MTL_ENABLE_DEBUG_INFO = YES;
				ONLY_ACTIVE_ARCH = YES;
				SDKROOT = iphoneos;
				SWIFT_ACTIVE_COMPILATION_CONDITIONS = DEBUG;
				SWIFT_OPTIMIZATION_LEVEL = "-Onone";
			};
			name = Debug;
		};
		910F3ECD1F6571A200F16596 /* Release */ = {
			isa = XCBuildConfiguration;
			buildSettings = {
				ALWAYS_SEARCH_USER_PATHS = NO;
				CLANG_ANALYZER_NONNULL = YES;
				CLANG_ANALYZER_NUMBER_OBJECT_CONVERSION = YES_AGGRESSIVE;
				CLANG_CXX_LANGUAGE_STANDARD = "gnu++14";
				CLANG_CXX_LIBRARY = "libc++";
				CLANG_ENABLE_MODULES = YES;
				CLANG_ENABLE_OBJC_ARC = YES;
				CLANG_WARN_BLOCK_CAPTURE_AUTORELEASING = YES;
				CLANG_WARN_BOOL_CONVERSION = YES;
				CLANG_WARN_COMMA = YES;
				CLANG_WARN_CONSTANT_CONVERSION = YES;
				CLANG_WARN_DIRECT_OBJC_ISA_USAGE = YES_ERROR;
				CLANG_WARN_DOCUMENTATION_COMMENTS = YES;
				CLANG_WARN_EMPTY_BODY = YES;
				CLANG_WARN_ENUM_CONVERSION = YES;
				CLANG_WARN_INFINITE_RECURSION = YES;
				CLANG_WARN_INT_CONVERSION = YES;
				CLANG_WARN_NON_LITERAL_NULL_CONVERSION = YES;
				CLANG_WARN_OBJC_LITERAL_CONVERSION = YES;
				CLANG_WARN_OBJC_ROOT_CLASS = YES_ERROR;
				CLANG_WARN_RANGE_LOOP_ANALYSIS = YES;
				CLANG_WARN_STRICT_PROTOTYPES = YES;
				CLANG_WARN_SUSPICIOUS_MOVE = YES;
				CLANG_WARN_UNGUARDED_AVAILABILITY = YES_AGGRESSIVE;
				CLANG_WARN_UNREACHABLE_CODE = YES;
				CLANG_WARN__DUPLICATE_METHOD_MATCH = YES;
				CODE_SIGN_IDENTITY = "iPhone Developer";
				COPY_PHASE_STRIP = NO;
				DEBUG_INFORMATION_FORMAT = "dwarf-with-dsym";
				ENABLE_NS_ASSERTIONS = NO;
				ENABLE_STRICT_OBJC_MSGSEND = YES;
				GCC_C_LANGUAGE_STANDARD = gnu11;
				GCC_NO_COMMON_BLOCKS = YES;
				GCC_WARN_64_TO_32_BIT_CONVERSION = YES;
				GCC_WARN_ABOUT_RETURN_TYPE = YES_ERROR;
				GCC_WARN_UNDECLARED_SELECTOR = YES;
				GCC_WARN_UNINITIALIZED_AUTOS = YES_AGGRESSIVE;
				GCC_WARN_UNUSED_FUNCTION = YES;
				GCC_WARN_UNUSED_VARIABLE = YES;
				IPHONEOS_DEPLOYMENT_TARGET = 11.0;
				MTL_ENABLE_DEBUG_INFO = NO;
				SDKROOT = iphoneos;
				SWIFT_OPTIMIZATION_LEVEL = "-Owholemodule";
				VALIDATE_PRODUCT = YES;
			};
			name = Release;
		};
		910F3ECF1F6571A200F16596 /* Debug */ = {
			isa = XCBuildConfiguration;
			baseConfigurationReference = B739AF98E41A2FD819B106F2 /* Pods-Smack.debug.xcconfig */;
			buildSettings = {
				ASSETCATALOG_COMPILER_APPICON_NAME = AppIcon;
				CLANG_ENABLE_MODULES = YES;
				CODE_SIGN_STYLE = Automatic;
				DEVELOPMENT_TEAM = P48JT8XFF3;
				INFOPLIST_FILE = Smack/Info.plist;
				LD_RUNPATH_SEARCH_PATHS = "$(inherited) @executable_path/Frameworks";
				PRODUCT_BUNDLE_IDENTIFIER = com.stanleypan.Smack;
				PRODUCT_NAME = "$(TARGET_NAME)";
				SWIFT_OBJC_BRIDGING_HEADER = "Smack/Supporting Files/Smack-Bridging-Header.h";
				SWIFT_OPTIMIZATION_LEVEL = "-Onone";
				SWIFT_VERSION = 4.0;
				TARGETED_DEVICE_FAMILY = "1,2";
			};
			name = Debug;
		};
		910F3ED01F6571A200F16596 /* Release */ = {
			isa = XCBuildConfiguration;
			baseConfigurationReference = 4D824A6AD483E90BB344C8BF /* Pods-Smack.release.xcconfig */;
			buildSettings = {
				ASSETCATALOG_COMPILER_APPICON_NAME = AppIcon;
				CLANG_ENABLE_MODULES = YES;
				CODE_SIGN_STYLE = Automatic;
				DEVELOPMENT_TEAM = P48JT8XFF3;
				INFOPLIST_FILE = Smack/Info.plist;
				LD_RUNPATH_SEARCH_PATHS = "$(inherited) @executable_path/Frameworks";
				PRODUCT_BUNDLE_IDENTIFIER = com.stanleypan.Smack;
				PRODUCT_NAME = "$(TARGET_NAME)";
				SWIFT_OBJC_BRIDGING_HEADER = "Smack/Supporting Files/Smack-Bridging-Header.h";
				SWIFT_VERSION = 4.0;
				TARGETED_DEVICE_FAMILY = "1,2";
			};
			name = Release;
		};
/* End XCBuildConfiguration section */

/* Begin XCConfigurationList section */
		910F3EB71F6571A200F16596 /* Build configuration list for PBXProject "Smack" */ = {
			isa = XCConfigurationList;
			buildConfigurations = (
				910F3ECC1F6571A200F16596 /* Debug */,
				910F3ECD1F6571A200F16596 /* Release */,
			);
			defaultConfigurationIsVisible = 0;
			defaultConfigurationName = Release;
		};
		910F3ECE1F6571A200F16596 /* Build configuration list for PBXNativeTarget "Smack" */ = {
			isa = XCConfigurationList;
			buildConfigurations = (
				910F3ECF1F6571A200F16596 /* Debug */,
				910F3ED01F6571A200F16596 /* Release */,
			);
			defaultConfigurationIsVisible = 0;
			defaultConfigurationName = Release;
		};
/* End XCConfigurationList section */
	};
	rootObject = 910F3EB41F6571A200F16596 /* Project object */;
}
